
Microsoft Visual Studio Solution File, Format Version 12.00
# Visual Studio 15
Project("{FAE04EC0-301F-11D3-BF4B-00C04F79EFBC}") = "Assembly-CSharp", "Assembly-CSharp.csproj", "{10BDDDE8-33BB-D95F-3F8E-A7E35E1CF7C2}"
EndProject
Project("{FAE04EC0-301F-11D3-BF4B-00C04F79EFBC}") = "Assembly-CSharp-Editor", "Assembly-CSharp-Editor.csproj", "{65D13271-06B3-13A8-81D4-758FB9E5286C}"
EndProject
Global
	GlobalSection(SolutionConfigurationPlatforms) = preSolution
		Debug|Any CPU = Debug|Any CPU
		Release|Any CPU = Release|Any CPU
	EndGlobalSection
	GlobalSection(ProjectConfigurationPlatforms) = postSolution
		{10BDDDE8-33BB-D95F-3F8E-A7E35E1CF7C2}.Debug|Any CPU.ActiveCfg = Debug|Any CPU
		{10BDDDE8-33BB-D95F-3F8E-A7E35E1CF7C2}.Debug|Any CPU.Build.0 = Debug|Any CPU
		{10BDDDE8-33BB-D95F-3F8E-A7E35E1CF7C2}.Release|Any CPU.ActiveCfg = Release|Any CPU
		{10BDDDE8-33BB-D95F-3F8E-A7E35E1CF7C2}.Release|Any CPU.Build.0 = Release|Any CPU
		{65D13271-06B3-13A8-81D4-758FB9E5286C}.Debug|Any CPU.ActiveCfg = Debug|Any CPU
		{65D13271-06B3-13A8-81D4-758FB9E5286C}.Debug|Any CPU.Build.0 = Debug|Any CPU
		{65D13271-06B3-13A8-81D4-758FB9E5286C}.Release|Any CPU.ActiveCfg = Release|Any CPU
		{65D13271-06B3-13A8-81D4-758FB9E5286C}.Release|Any CPU.Build.0 = Release|Any CPU
	EndGlobalSection
	GlobalSection(SolutionProperties) = preSolution
		HideSolutionNode = FALSE
	EndGlobalSection
EndGlobal
